<?xml version="1.0" encoding="utf-8"?>
<Project ToolsVersion="4.0" xmlns="http://schemas.microsoft.com/developer/msbuild/2003">
  <ItemGroup>
    <Filter Include="Core">
      <UniqueIdentifier>{cc0fd39a-8246-4cf4-b5a7-765618c357d3}</UniqueIdentifier>
    </Filter>
    <Filter Include="Core\Utils">
      <UniqueIdentifier>{3103c232-398b-434a-b009-e501fab3cbbe}</UniqueIdentifier>
    </Filter>
    <Filter Include="Core\Math">
      <UniqueIdentifier>{182d6532-303d-4e4f-a34c-0b1dd24b066d}</UniqueIdentifier>
    </Filter>
    <Filter Include="Platform">
      <UniqueIdentifier>{e104cd35-2057-412c-8515-305f1bfe901e}</UniqueIdentifier>
    </Filter>
    <Filter Include="Platform\Win32">
      <UniqueIdentifier>{501f941f-7772-4f01-992b-3f10430e3b8d}</UniqueIdentifier>
    </Filter>
    <Filter Include="Core\Debug">
      <UniqueIdentifier>{9a23f719-c37e-4a1d-9591-fcd8f7439c7a}</UniqueIdentifier>
    </Filter>
  </ItemGroup>
  <ItemGroup>
    <ClCompile Include="Platform\Win32\Window.cpp">
      <Filter>Platform\Win32</Filter>
    </ClCompile>
    <ClCompile Include="Core\Rancage Engine.cpp">
      <Filter>Core</Filter>
    </ClCompile>
    <ClCompile Include="Core\Debug\DebugController.cpp">
      <Filter>Core\Debug</Filter>
    </ClCompile>
    <ClCompile Include="Core\Debug\DebugLogger.cpp">
      <Filter>Core\Debug</Filter>
    </ClCompile>
    <ClCompile Include="Core\Debug\DebugRenderer.cpp">
      <Filter>Core\Debug</Filter>
    </ClCompile>
  </ItemGroup>
  <ItemGroup>
    <ClInclude Include="Core\Math\Matrix4x4.h">
      <Filter>Core\Math</Filter>
    </ClInclude>
    <ClInclude Include="Core\Math\Quaternion.h">
      <Filter>Core\Math</Filter>
    </ClInclude>
    <ClInclude Include="Core\Math\Transform.h">
      <Filter>Core\Math</Filter>
    </ClInclude>
    <ClInclude Include="Core\Math\Vector2.h">
      <Filter>Core\Math</Filter>
    </ClInclude>
    <ClInclude Include="Core\Math\Vector3.h">
      <Filter>Core\Math</Filter>
    </ClInclude>
    <ClInclude Include="Core\Math\Vector4.h">
      <Filter>Core\Math</Filter>
    </ClInclude>
    <ClInclude Include="Platform\Win32\Window.h">
      <Filter>Platform\Win32</Filter>
    </ClInclude>
    <ClInclude Include="Core\Utils\Logger.h">
      <Filter>Core\Utils</Filter>
    </ClInclude>
    <ClInclude Include="Core\Debug\DebugController.h">
      <Filter>Core\Debug</Filter>
    </ClInclude>
    <ClInclude Include="Core\Debug\DebugLogger.h">
      <Filter>Core\Debug</Filter>
    </ClInclude>
    <ClInclude Include="Core\Debug\DebugRenderer.h">
      <Filter>Core\Debug</Filter>
    </ClInclude>
  </ItemGroup>
  <ItemGroup>
    <None Include="README.md" />
  </ItemGroup>
</Project>